
Microsoft Visual Studio Solution File, Format Version 12.00
# Visual Studio Version 16
VisualStudioVersion = 16.0.30204.135
MinimumVisualStudioVersion = 10.0.40219.1
Project("{FAE04EC0-301F-11D3-BF4B-00C04F79EFBC}") = "EF.InDesignTest.App", "EF.InDesignTest.App\EF.InDesignTest.App.csproj", "{6E689AAD-6C86-4427-9219-5019877D8AFA}"
EndProject
Global
	GlobalSection(SolutionConfigurationPlatforms) = preSolution
		Debug|Any CPU = Debug|Any CPU
		Release|Any CPU = Release|Any CPU
	EndGlobalSection
	GlobalSection(ProjectConfigurationPlatforms) = postSolution
		{6E689AAD-6C86-4427-9219-5019877D8AFA}.Debug|Any CPU.ActiveCfg = Debug|Any CPU
		{6E689AAD-6C86-4427-9219-5019877D8AFA}.Debug|Any CPU.Build.0 = Debug|Any CPU
		{6E689AAD-6C86-4427-9219-5019877D8AFA}.Release|Any CPU.ActiveCfg = Release|Any CPU
		{6E689AAD-6C86-4427-9219-5019877D8AFA}.Release|Any CPU.Build.0 = Release|Any CPU
	EndGlobalSection
	GlobalSection(SolutionProperties) = preSolution
		HideSolutionNode = FALSE
	EndGlobalSection
	GlobalSection(ExtensibilityGlobals) = postSolution
		SolutionGuid = {8D4D08F9-4EDD-452D-B8A8-6D68A187653F}
	EndGlobalSection
EndGlobal
