{
  "requires": true,
  "lockfileVersion": 1,
  "dependencies": {
    "@angular/animations": {
      "version": "10.0.5",
      "resolved": "https://registry.npmjs.org/@angular/animations/-/animations-10.0.5.tgz",
      "integrity": "sha512-vHWn7NJiiDAok36GSBJ0y/nqjd4UFl9WGIEsvydUqnyBJ0scuqJa+hADrWwqkK7b/xVW9ARVG00NXmemEPUVGA==",
      "requires": {
        "tslib": "^2.0.0"
      },
      "dependencies": {
        "tslib": {
          "version": "2.0.0",
          "resolved": "https://registry.npmjs.org/tslib/-/tslib-2.0.0.tgz",
          "integrity": "sha512-lTqkx847PI7xEDYJntxZH89L2/aXInsyF2luSafe/+0fHOMjlBNXdH6th7f70qxLDhul7KZK0zC8V5ZIyHl0/g=="
        }
      }
    },
    "@angular/cdk": {
      "version": "10.1.0",
      "resolved": "https://registry.npmjs.org/@angular/cdk/-/cdk-10.1.0.tgz",
      "integrity": "sha512-zSZcpsfhRWdNAzNXnKZIlaX1uAWY+8W2zV7ktQNJoNypo9X02rY0YtmPBzlPjT0ITjM4EqohZ07nfd+5bLUw4A==",
      "requires": {
        "parse5": "^5.0.0",
        "tslib": "^2.0.0"
      },
      "dependencies": {
        "tslib": {
          "version": "2.0.0",
          "resolved": "https://registry.npmjs.org/tslib/-/tslib-2.0.0.tgz",
          "integrity": "sha512-lTqkx847PI7xEDYJntxZH89L2/aXInsyF2luSafe/+0fHOMjlBNXdH6th7f70qxLDhul7KZK0zC8V5ZIyHl0/g=="
        }
      }
    },
    "@angular/material": {
      "version": "10.1.0",
      "resolved": "https://registry.npmjs.org/@angular/material/-/material-10.1.0.tgz",
      "integrity": "sha512-zHJxMHYAyfJbhXGhsWUFTABBBQVzWNexuJGWh19MQx0jQn7aLek5nYQ0oLG00+ArISVAg/XMOtnbdRaemFWVzw==",
      "requires": {
        "tslib": "^2.0.0"
      },
      "dependencies": {
        "tslib": {
          "version": "2.0.0",
          "resolved": "https://registry.npmjs.org/tslib/-/tslib-2.0.0.tgz",
          "integrity": "sha512-lTqkx847PI7xEDYJntxZH89L2/aXInsyF2luSafe/+0fHOMjlBNXdH6th7f70qxLDhul7KZK0zC8V5ZIyHl0/g=="
        }
      }
    },
    "@syncfusion/ej2-base": {
      "version": "18.2.44",
      "resolved": "https://registry.npmjs.org/@syncfusion/ej2-base/-/ej2-base-18.2.44.tgz",
      "integrity": "sha512-q1aHQr9DXpCQh1iqWsYcIg2eGzsQZXBCu6XvFzMIXp6aWFu6fmW/2WYceg+F5B3cVfo1xCivthdrhlHzxiicGg==",
      "requires": {
        "@syncfusion/ej2-icons": "~18.2.44"
      }
    },
    "@syncfusion/ej2-buttons": {
      "version": "18.2.44",
      "resolved": "https://registry.npmjs.org/@syncfusion/ej2-buttons/-/ej2-buttons-18.2.44.tgz",
      "integrity": "sha512-mKhZ8DJEiRHyGdfQgti72Ul0UmTxVgPYzBnpB80/iif67tWsxLnqVJ53CWgxkXJq0fm6fAneIFSXztMffN2fmw==",
      "requires": {
        "@syncfusion/ej2-base": "~18.2.44"
      }
    },
    "@syncfusion/ej2-calendars": {
      "version": "18.2.44",
      "resolved": "https://registry.npmjs.org/@syncfusion/ej2-calendars/-/ej2-calendars-18.2.44.tgz",
      "integrity": "sha512-CZ/JXlfQgLAe7Dl68cUaPYXUlagXb2lRq1h9c2y6PApXWoGXS2ITH2GYCZd1Bk+JNZIWZuQG+/MJO2Qm0QyhSA==",
      "requires": {
        "@syncfusion/ej2-base": "~18.2.44",
        "@syncfusion/ej2-buttons": "~18.2.44",
        "@syncfusion/ej2-inputs": "~18.2.44",
        "@syncfusion/ej2-lists": "~18.2.44",
        "@syncfusion/ej2-popups": "~18.2.44"
      }
    },
    "@syncfusion/ej2-compression": {
      "version": "18.2.44",
      "resolved": "https://registry.npmjs.org/@syncfusion/ej2-compression/-/ej2-compression-18.2.44.tgz",
      "integrity": "sha512-vYB2keGvEIkNGjRUI6/0rdbauLQ/iyCDZIhRxtuAcm/H+DnwQn4l4F1rZ02dlB4nxIZ1WLSlbyyJj/gnc2NtFQ==",
      "requires": {
        "@syncfusion/ej2-file-utils": "~18.2.44"
      }
    },
    "@syncfusion/ej2-data": {
      "version": "18.2.44",
      "resolved": "https://registry.npmjs.org/@syncfusion/ej2-data/-/ej2-data-18.2.44.tgz",
      "integrity": "sha512-iwaEJsLErI+kUB7w79ENoX2dJWxqj7BQaqWZALrIFBoIJ0dEsq3AjEY2F1aJBCVJqCsDIaM+sfRBZbPLJPu3Mw==",
      "requires": {
        "@syncfusion/ej2-base": "~18.2.44"
      }
    },
    "@syncfusion/ej2-dropdowns": {
      "version": "18.2.46",
      "resolved": "https://registry.npmjs.org/@syncfusion/ej2-dropdowns/-/ej2-dropdowns-18.2.46.tgz",
      "integrity": "sha512-/u56LzLPTgcPt1GwKjkqo0E46++Ditj2jAB/fHOF9OV3HDrVtYWs/cga6udYq7OMM5EogNy3uADoV+FE/gH9gw==",
      "requires": {
        "@syncfusion/ej2-base": "~18.2.44",
        "@syncfusion/ej2-data": "~18.2.44",
        "@syncfusion/ej2-inputs": "~18.2.45",
        "@syncfusion/ej2-lists": "~18.2.46",
        "@syncfusion/ej2-navigations": "~18.2.46",
        "@syncfusion/ej2-popups": "~18.2.46"
      }
    },
    "@syncfusion/ej2-excel-export": {
      "version": "18.2.45",
      "resolved": "https://registry.npmjs.org/@syncfusion/ej2-excel-export/-/ej2-excel-export-18.2.45.tgz",
      "integrity": "sha512-KXJDUIxmCQlpW43YpRG5BBEhy8S7fPl0IICqFvhKPHtt/Jh52+C27QM+7WMZRFzWGUPfy2Jp9gvme30DZ1n0Ew==",
      "requires": {
        "@syncfusion/ej2-base": "~18.2.44",
        "@syncfusion/ej2-compression": "~18.2.44"
      }
    },
    "@syncfusion/ej2-file-utils": {
      "version": "18.2.44",
      "resolved": "https://registry.npmjs.org/@syncfusion/ej2-file-utils/-/ej2-file-utils-18.2.44.tgz",
      "integrity": "sha512-D/xGWbfLTWJTpCDyixPgk4cMZKV9RZUK5xqukPR+fAj+vv/1ooVo7ZOhd9aXstdgtSa1jOffU8wGM6FqVIASeg=="
    },
    "@syncfusion/ej2-grids": {
      "version": "18.2.46",
      "resolved": "https://registry.npmjs.org/@syncfusion/ej2-grids/-/ej2-grids-18.2.46.tgz",
      "integrity": "sha512-+dBJ+fG1xZkXC4rTrdlmmghYIruWRzmetM1bRg0kPDPvhMqH5vnLYXmYf/Dzj2/TGmCT+sljHCSgf5SBsq3sXQ==",
      "requires": {
        "@syncfusion/ej2-base": "~18.2.44",
        "@syncfusion/ej2-buttons": "~18.2.44",
        "@syncfusion/ej2-calendars": "~18.2.44",
        "@syncfusion/ej2-compression": "~18.2.44",
        "@syncfusion/ej2-data": "~18.2.44",
        "@syncfusion/ej2-dropdowns": "~18.2.46",
        "@syncfusion/ej2-excel-export": "~18.2.45",
        "@syncfusion/ej2-file-utils": "~18.2.44",
        "@syncfusion/ej2-inputs": "~18.2.45",
        "@syncfusion/ej2-lists": "~18.2.46",
        "@syncfusion/ej2-navigations": "~18.2.46",
        "@syncfusion/ej2-pdf-export": "~18.2.45",
        "@syncfusion/ej2-popups": "~18.2.46",
        "@syncfusion/ej2-splitbuttons": "~18.2.44"
      }
    },
    "@syncfusion/ej2-icons": {
      "version": "18.2.44",
      "resolved": "https://registry.npmjs.org/@syncfusion/ej2-icons/-/ej2-icons-18.2.44.tgz",
      "integrity": "sha512-4jOb0RtpTU+s+IXbaQxxcWhFpXXn9aYyakGmrF7A6smbpndM7do28mDybJMFIns/IoRsQokOnrDhqqAIaoDRVQ=="
    },
    "@syncfusion/ej2-inputs": {
      "version": "18.2.45",
      "resolved": "https://registry.npmjs.org/@syncfusion/ej2-inputs/-/ej2-inputs-18.2.45.tgz",
      "integrity": "sha512-1lyunOQFT77PXB2gZuJjmgRfyQqFcsTBmj9fGA5PIm5dwipsq4fy6IKOhTMcGCO64q7NZieNXcWOWdSws0lqAQ==",
      "requires": {
        "@syncfusion/ej2-base": "~18.2.44",
        "@syncfusion/ej2-buttons": "~18.2.44",
        "@syncfusion/ej2-popups": "~18.2.44",
        "@syncfusion/ej2-splitbuttons": "~18.2.44"
      }
    },
    "@syncfusion/ej2-lists": {
      "version": "18.2.46",
      "resolved": "https://registry.npmjs.org/@syncfusion/ej2-lists/-/ej2-lists-18.2.46.tgz",
      "integrity": "sha512-dcS2zRavD7w40nIPrBuew4veBFVstiQmOT1ZxlSIm6GMGKPtf38mYRzhiHi8G/z0BQ7loc/6wXziccvhWp8moQ==",
      "requires": {
        "@syncfusion/ej2-base": "~18.2.44",
        "@syncfusion/ej2-buttons": "~18.2.44",
        "@syncfusion/ej2-data": "~18.2.44"
      }
    },
    "@syncfusion/ej2-navigations": {
      "version": "18.2.46",
      "resolved": "https://registry.npmjs.org/@syncfusion/ej2-navigations/-/ej2-navigations-18.2.46.tgz",
      "integrity": "sha512-Avs2AsbKVf3H1r7gWcRmalLjat6URGFbuSpV4A/7E69vTnKKDBFI6QEXBCGfljmEBIIERN9k2OJKUS9sTy/evg==",
      "requires": {
        "@syncfusion/ej2-base": "~18.2.44",
        "@syncfusion/ej2-buttons": "~18.2.44",
        "@syncfusion/ej2-data": "~18.2.44",
        "@syncfusion/ej2-inputs": "~18.2.45",
        "@syncfusion/ej2-lists": "~18.2.46",
        "@syncfusion/ej2-popups": "~18.2.46"
      }
    },
    "@syncfusion/ej2-pdf-export": {
      "version": "18.2.45",
      "resolved": "https://registry.npmjs.org/@syncfusion/ej2-pdf-export/-/ej2-pdf-export-18.2.45.tgz",
      "integrity": "sha512-xAwhXA+0VEehFVeiVHF4qQQGbeIGGrrGY+TekFaI/jb0l89fmhlnmlh23fMQu2NBpIysHV/rsOp52IyqsmfRMA==",
      "requires": {
        "@syncfusion/ej2-compression": "~18.2.44"
      }
    },
    "@syncfusion/ej2-popups": {
      "version": "18.2.46",
      "resolved": "https://registry.npmjs.org/@syncfusion/ej2-popups/-/ej2-popups-18.2.46.tgz",
      "integrity": "sha512-bDYUcapsvUCbnzRSyAdphp1WYSbkyDKhBSbArMpofIPag5Jq0vtj0YjBWGAQCf/o247tohpnHy1G8DvfK2SlQA==",
      "requires": {
        "@syncfusion/ej2-base": "~18.2.44",
        "@syncfusion/ej2-buttons": "~18.2.44"
      }
    },
    "@syncfusion/ej2-splitbuttons": {
      "version": "18.2.44",
      "resolved": "https://registry.npmjs.org/@syncfusion/ej2-splitbuttons/-/ej2-splitbuttons-18.2.44.tgz",
      "integrity": "sha512-zR/q7OTow5CtV3ZJ2mTHdOhkYr6TeWTg3I4I47lee+6H9EFrryURmi3iyhVHaLQEG/RHW7o53kr9d7qqQwyFyQ==",
      "requires": {
        "@syncfusion/ej2-base": "~18.2.44",
        "@syncfusion/ej2-popups": "~18.2.44"
      }
    },
    "@syncfusion/ej2-treegrid": {
      "version": "18.2.45",
      "resolved": "https://registry.npmjs.org/@syncfusion/ej2-treegrid/-/ej2-treegrid-18.2.45.tgz",
      "integrity": "sha512-iSLan8+qVAzSgoD635haikW/76qPerzMMoxKTXSjmEY73ZM6xqHBkCCgn0CsfuuN4MAcWV4payXwQVKhch0ZtQ==",
      "requires": {
        "@syncfusion/ej2-base": "~18.2.44",
        "@syncfusion/ej2-data": "~18.2.44",
        "@syncfusion/ej2-grids": "~18.2.45",
        "@syncfusion/ej2-popups": "~18.2.44"
      }
    },
    "angular-core": {
      "version": "0.0.5",
      "resolved": "https://registry.npmjs.org/angular-core/-/angular-core-0.0.5.tgz",
      "integrity": "sha1-4hVfyfyVjBBH/gzFgA+p3L39e4A="
    },
    "angular-material": {
      "version": "1.1.24",
      "resolved": "https://registry.npmjs.org/angular-material/-/angular-material-1.1.24.tgz",
      "integrity": "sha512-WlepLr+04g9g+Pd26t0G7vNRvF6XVCgRo7VZA1d/XGwpt5O0KafKujcaurFkYvgF5qaGGQXGPokX8sj6KaxDsw=="
    },
    "core-js": {
      "version": "3.6.5",
      "resolved": "https://registry.npmjs.org/core-js/-/core-js-3.6.5.tgz",
      "integrity": "sha512-vZVEEwZoIsI+vPEuoF9Iqf5H7/M3eeQqWlQnYa8FSKKePuYTf5MWnxb5SDAzCa60b3JBRS5g9b+Dq7b1y/RCrA=="
    },
    "fp-ts": {
      "version": "1.19.5",
      "resolved": "https://registry.npmjs.org/fp-ts/-/fp-ts-1.19.5.tgz",
      "integrity": "sha512-wDNqTimnzs8QqpldiId9OavWK2NptormjXnRJTQecNjzwfyp6P/8s/zG8e4h3ja3oqkKaY72UlTjQYt/1yXf9A=="
    },
    "lodash-es": {
      "version": "4.17.15",
      "resolved": "https://registry.npmjs.org/lodash-es/-/lodash-es-4.17.15.tgz",
      "integrity": "sha512-rlrc3yU3+JNOpZ9zj5pQtxnx2THmvRykwL4Xlxoa8I9lHBlVbbyPhgyPMioxVZ4NqyxaVVtaJnzsyOidQIhyyQ=="
    },
    "ng-material-treetable": {
      "version": "0.5.5",
      "resolved": "https://registry.npmjs.org/ng-material-treetable/-/ng-material-treetable-0.5.5.tgz",
      "integrity": "sha512-yFh35Yc8DYHRRqt66ACzgDa2SL5R/7TonQqmASAXAj0f7oBKkCigrOP5nXBkcL/mHEAGfgi/faynuiaPowDOcQ==",
      "requires": {
        "fp-ts": "^1.13.0",
        "lodash-es": "^4.17.15",
        "tslib": "^1.9.0"
      }
    },
    "parse5": {
      "version": "5.1.1",
      "resolved": "https://registry.npmjs.org/parse5/-/parse5-5.1.1.tgz",
      "integrity": "sha512-ugq4DFI0Ptb+WWjAdOK16+u/nHfiIrcE+sh8kZMaM0WllQKLI9rOUq6c2b7cwPkXdzfQESqvoqK6ug7U/Yyzug=="
    },
    "reflect-metadata": {
      "version": "0.1.13",
      "resolved": "https://registry.npmjs.org/reflect-metadata/-/reflect-metadata-0.1.13.tgz",
      "integrity": "sha512-Ts1Y/anZELhSsjMcU605fU9RE4Oi3p5ORujwbIKXfWa+0Zxs510Qrmrce5/Jowq3cHSZSJqBjypxmHarc+vEWg=="
    },
    "rxjs": {
      "version": "6.6.0",
      "resolved": "https://registry.npmjs.org/rxjs/-/rxjs-6.6.0.tgz",
      "integrity": "sha512-3HMA8z/Oz61DUHe+SdOiQyzIf4tOx5oQHmMir7IZEu6TMqCLHT4LRcmNaUS0NwOz8VLvmmBduMsoaUvMaIiqzg==",
      "requires": {
        "tslib": "^1.9.0"
      }
    },
    "rxjs-compat": {
      "version": "6.6.0",
      "resolved": "https://registry.npmjs.org/rxjs-compat/-/rxjs-compat-6.6.0.tgz",
      "integrity": "sha512-XvW8LM/3QnoehC74BAbC3bSiaSsfdZHC21QErD50TmdjNQhpQ6s3bM5PjcdcZWbX7mNgC3zi3BcbI9dWGJ6fsA=="
    },
    "tslib": {
      "version": "1.13.0",
      "resolved": "https://registry.npmjs.org/tslib/-/tslib-1.13.0.tgz",
      "integrity": "sha512-i/6DQjL8Xf3be4K/E6Wgpekn5Qasl1usyw++dAA35Ue5orEn65VIxOA+YvNNl9HV3qv70T7CNwjODHZrLwvd1Q=="
    },
    "zone.js": {
      "version": "0.10.3",
      "resolved": "https://registry.npmjs.org/zone.js/-/zone.js-0.10.3.tgz",
      "integrity": "sha512-LXVLVEq0NNOqK/fLJo3d0kfzd4sxwn2/h67/02pjCjfKDxgx1i9QqpvtHD8CrBnSSwMw5+dy11O7FRX5mkO7Cg=="
    }
  }
}
